// !$*UTF8*$!
{
	archiveVersion = 1;
	classes = {
	};
	objectVersion = 55;
	objects = {

/* Begin PBXBuildFile section */
		AA18F4C02994E78600C5027D /* DataModel.xcdatamodeld in Sources */ = {isa = PBXBuildFile; fileRef = AA18F4BE2994E78600C5027D /* DataModel.xcdatamodeld */; };
		AA7D543F2991729900F9B108 /* AppDelegate.swift in Sources */ = {isa = PBXBuildFile; fileRef = AA7D543E2991729900F9B108 /* AppDelegate.swift */; };
		AA7D54412991729900F9B108 /* SceneDelegate.swift in Sources */ = {isa = PBXBuildFile; fileRef = AA7D54402991729900F9B108 /* SceneDelegate.swift */; };
		AA7D54432991729900F9B108 /* ToDoListViewController.swift in Sources */ = {isa = PBXBuildFile; fileRef = AA7D54422991729900F9B108 /* ToDoListViewController.swift */; };
		AA7D54462991729900F9B108 /* Main.storyboard in Resources */ = {isa = PBXBuildFile; fileRef = AA7D54442991729900F9B108 /* Main.storyboard */; };
		AA7D54482991729A00F9B108 /* Assets.xcassets in Resources */ = {isa = PBXBuildFile; fileRef = AA7D54472991729A00F9B108 /* Assets.xcassets */; };
		AA7D544B2991729A00F9B108 /* LaunchScreen.storyboard in Resources */ = {isa = PBXBuildFile; fileRef = AA7D54492991729A00F9B108 /* LaunchScreen.storyboard */; };
		AAF6E15629918BFE000C2C3B /* Constants.swift in Sources */ = {isa = PBXBuildFile; fileRef = AAF6E15529918BFE000C2C3B /* Constants.swift */; };
/* End PBXBuildFile section */

/* Begin PBXFileReference section */
		AA18F4BF2994E78600C5027D /* DataModel.xcdatamodel */ = {isa = PBXFileReference; lastKnownFileType = wrapper.xcdatamodel; path = DataModel.xcdatamodel; sourceTree = "<group>"; };
		AA7D543B2991729900F9B108 /* ScoobyDoList.app */ = {isa = PBXFileReference; explicitFileType = wrapper.application; includeInIndex = 0; path = ScoobyDoList.app; sourceTree = BUILT_PRODUCTS_DIR; };
		AA7D543E2991729900F9B108 /* AppDelegate.swift */ = {isa = PBXFileReference; lastKnownFileType = sourcecode.swift; path = AppDelegate.swift; sourceTree = "<group>"; };
		AA7D54402991729900F9B108 /* SceneDelegate.swift */ = {isa = PBXFileReference; lastKnownFileType = sourcecode.swift; path = SceneDelegate.swift; sourceTree = "<group>"; };
		AA7D54422991729900F9B108 /* ToDoListViewController.swift */ = {isa = PBXFileReference; lastKnownFileType = sourcecode.swift; path = ToDoListViewController.swift; sourceTree = "<group>"; };
		AA7D54452991729900F9B108 /* Base */ = {isa = PBXFileReference; lastKnownFileType = file.storyboard; name = Base; path = Base.lproj/Main.storyboard; sourceTree = "<group>"; };
		AA7D54472991729A00F9B108 /* Assets.xcassets */ = {isa = PBXFileReference; lastKnownFileType = folder.assetcatalog; path = Assets.xcassets; sourceTree = "<group>"; };
		AA7D544A2991729A00F9B108 /* Base */ = {isa = PBXFileReference; lastKnownFileType = file.storyboard; name = Base; path = Base.lproj/LaunchScreen.storyboard; sourceTree = "<group>"; };
		AA7D544C2991729A00F9B108 /* Info.plist */ = {isa = PBXFileReference; lastKnownFileType = text.plist.xml; path = Info.plist; sourceTree = "<group>"; };
		AAF6E15529918BFE000C2C3B /* Constants.swift */ = {isa = PBXFileReference; lastKnownFileType = sourcecode.swift; path = Constants.swift; sourceTree = "<group>"; };
/* End PBXFileReference section */

/* Begin PBXFrameworksBuildPhase section */
		AA7D54382991729900F9B108 /* Frameworks */ = {
			isa = PBXFrameworksBuildPhase;
			buildActionMask = 2147483647;
			files = (
			);
			runOnlyForDeploymentPostprocessing = 0;
		};
/* End PBXFrameworksBuildPhase section */

/* Begin PBXGroup section */
		AA7D54322991729900F9B108 = {
			isa = PBXGroup;
			children = (
				AA7D543D2991729900F9B108 /* ScoobyDoList */,
				AA7D543C2991729900F9B108 /* Products */,
			);
			sourceTree = "<group>";
		};
		AA7D543C2991729900F9B108 /* Products */ = {
			isa = PBXGroup;
			children = (
				AA7D543B2991729900F9B108 /* ScoobyDoList.app */,
			);
			name = Products;
			sourceTree = "<group>";
		};
		AA7D543D2991729900F9B108 /* ScoobyDoList */ = {
			isa = PBXGroup;
			children = (
				AA7D543E2991729900F9B108 /* AppDelegate.swift */,
				AA7D54402991729900F9B108 /* SceneDelegate.swift */,
				AAF6E15329918BD9000C2C3B /* Data Model */,
				AAF6E15229918BCB000C2C3B /* View */,
				AAF6E15429918BE4000C2C3B /* Controller */,
				AABB21932992E20800960D97 /* Supporting Files */,
				AA7D544C2991729A00F9B108 /* Info.plist */,
				AAF6E15529918BFE000C2C3B /* Constants.swift */,
			);
			path = ScoobyDoList;
			sourceTree = "<group>";
		};
		AABB21932992E20800960D97 /* Supporting Files */ = {
			isa = PBXGroup;
			children = (
				AA7D54472991729A00F9B108 /* Assets.xcassets */,
				AA7D54492991729A00F9B108 /* LaunchScreen.storyboard */,
			);
			path = "Supporting Files";
			sourceTree = "<group>";
		};
		AAF6E15229918BCB000C2C3B /* View */ = {
			isa = PBXGroup;
			children = (
				AA7D54442991729900F9B108 /* Main.storyboard */,
			);
			path = View;
			sourceTree = "<group>";
		};
		AAF6E15329918BD9000C2C3B /* Data Model */ = {
			isa = PBXGroup;
			children = (
				AA18F4BE2994E78600C5027D /* DataModel.xcdatamodeld */,
			);
			path = "Data Model";
			sourceTree = "<group>";
		};
		AAF6E15429918BE4000C2C3B /* Controller */ = {
			isa = PBXGroup;
			children = (
				AA7D54422991729900F9B108 /* ToDoListViewController.swift */,
			);
			path = Controller;
			sourceTree = "<group>";
		};
/* End PBXGroup section */

/* Begin PBXNativeTarget section */
		AA7D543A2991729900F9B108 /* ScoobyDoList */ = {
			isa = PBXNativeTarget;
			buildConfigurationList = AA7D544F2991729A00F9B108 /* Build configuration list for PBXNativeTarget "ScoobyDoList" */;
			buildPhases = (
				AA7D54372991729900F9B108 /* Sources */,
				AA7D54382991729900F9B108 /* Frameworks */,
				AA7D54392991729900F9B108 /* Resources */,
			);
			buildRules = (
			);
			dependencies = (
			);
			name = ScoobyDoList;
			productName = ScoobyDoList;
			productReference = AA7D543B2991729900F9B108 /* ScoobyDoList.app */;
			productType = "com.apple.product-type.application";
		};
/* End PBXNativeTarget section */

/* Begin PBXProject section */
		AA7D54332991729900F9B108 /* Project object */ = {
			isa = PBXProject;
			attributes = {
				BuildIndependentTargetsInParallel = 1;
				LastSwiftUpdateCheck = 1340;
				LastUpgradeCheck = 1340;
				TargetAttributes = {
					AA7D543A2991729900F9B108 = {
						CreatedOnToolsVersion = 13.4.1;
					};
				};
			};
			buildConfigurationList = AA7D54362991729900F9B108 /* Build configuration list for PBXProject "ScoobyDoList" */;
			compatibilityVersion = "Xcode 13.0";
			developmentRegion = en;
			hasScannedForEncodings = 0;
			knownRegions = (
				en,
				Base,
			);
			mainGroup = AA7D54322991729900F9B108;
			productRefGroup = AA7D543C2991729900F9B108 /* Products */;
			projectDirPath = "";
			projectRoot = "";
			targets = (
				AA7D543A2991729900F9B108 /* ScoobyDoList */,
			);
		};
/* End PBXProject section */

/* Begin PBXResourcesBuildPhase section */
		AA7D54392991729900F9B108 /* Resources */ = {
			isa = PBXResourcesBuildPhase;
			buildActionMask = 2147483647;
			files = (
				AA7D544B2991729A00F9B108 /* LaunchScreen.storyboard in Resources */,
				AA7D54482991729A00F9B108 /* Assets.xcassets in Resources */,
				AA7D54462991729900F9B108 /* Main.storyboard in Resources */,
			);
			runOnlyForDeploymentPostprocessing = 0;
		};
/* End PBXResourcesBuildPhase section */

/* Begin PBXSourcesBuildPhase section */
		AA7D54372991729900F9B108 /* Sources */ = {
			isa = PBXSourcesBuildPhase;
			buildActionMask = 2147483647;
			files = (
				AA7D54432991729900F9B108 /* ToDoListViewController.swift in Sources */,
				AA7D543F2991729900F9B108 /* AppDelegate.swift in Sources */,
				AA18F4C02994E78600C5027D /* DataModel.xcdatamodeld in Sources */,
				AA7D54412991729900F9B108 /* SceneDelegate.swift in Sources */,
				AAF6E15629918BFE000C2C3B /* Constants.swift in Sources */,
			);
			runOnlyForDeploymentPostprocessing = 0;
		};
/* End PBXSourcesBuildPhase section */

/* Begin PBXVariantGroup section */
		AA7D54442991729900F9B108 /* Main.storyboard */ = {
			isa = PBXVariantGroup;
			children = (
				AA7D54452991729900F9B108 /* Base */,
			);
			name = Main.storyboard;
			sourceTree = "<group>";
		};
		AA7D54492991729A00F9B108 /* LaunchScreen.storyboard */ = {
			isa = PBXVariantGroup;
			children = (
				AA7D544A2991729A00F9B108 /* Base */,
			);
			name = LaunchScreen.storyboard;
			sourceTree = "<group>";
		};
/* End PBXVariantGroup section */

/* Begin XCBuildConfiguration section */
		AA7D544D2991729A00F9B108 /* Debug */ = {
			isa = XCBuildConfiguration;
			buildSettings = {
				ALWAYS_SEARCH_USER_PATHS = NO;
				CLANG_ANALYZER_NONNULL = YES;
				CLANG_ANALYZER_NUMBER_OBJECT_CONVERSION = YES_AGGRESSIVE;
				CLANG_CXX_LANGUAGE_STANDARD = "gnu++17";
				CLANG_ENABLE_MODULES = YES;
				CLANG_ENABLE_OBJC_ARC = YES;
				CLANG_ENABLE_OBJC_WEAK = YES;
				CLANG_WARN_BLOCK_CAPTURE_AUTORELEASING = YES;
				CLANG_WARN_BOOL_CONVERSION = YES;
				CLANG_WARN_COMMA = YES;
				CLANG_WARN_CONSTANT_CONVERSION = YES;
				CLANG_WARN_DEPRECATED_OBJC_IMPLEMENTATIONS = YES;
				CLANG_WARN_DIRECT_OBJC_ISA_USAGE = YES_ERROR;
				CLANG_WARN_DOCUMENTATION_COMMENTS = YES;
				CLANG_WARN_EMPTY_BODY = YES;
				CLANG_WARN_ENUM_CONVERSION = YES;
				CLANG_WARN_INFINITE_RECURSION = YES;
				CLANG_WARN_INT_CONVERSION = YES;
				CLANG_WARN_NON_LITERAL_NULL_CONVERSION = YES;
				CLANG_WARN_OBJC_IMPLICIT_RETAIN_SELF = YES;
				CLANG_WARN_OBJC_LITERAL_CONVERSION = YES;
				CLANG_WARN_OBJC_ROOT_CLASS = YES_ERROR;
				CLANG_WARN_QUOTED_INCLUDE_IN_FRAMEWORK_HEADER = YES;
				CLANG_WARN_RANGE_LOOP_ANALYSIS = YES;
				CLANG_WARN_STRICT_PROTOTYPES = YES;
				CLANG_WARN_SUSPICIOUS_MOVE = YES;
				CLANG_WARN_UNGUARDED_AVAILABILITY = YES_AGGRESSIVE;
				CLANG_WARN_UNREACHABLE_CODE = YES;
				CLANG_WARN__DUPLICATE_METHOD_MATCH = YES;
				COPY_PHASE_STRIP = NO;
				DEBUG_INFORMATION_FORMAT = dwarf;
				ENABLE_STRICT_OBJC_MSGSEND = YES;
				ENABLE_TESTABILITY = YES;
				GCC_C_LANGUAGE_STANDARD = gnu11;
				GCC_DYNAMIC_NO_PIC = NO;
				GCC_NO_COMMON_BLOCKS = YES;
				GCC_OPTIMIZATION_LEVEL = 0;
				GCC_PREPROCESSOR_DEFINITIONS = (
					"DEBUG=1",
					"$(inherited)",
				);
				GCC_WARN_64_TO_32_BIT_CONVERSION = YES;
				GCC_WARN_ABOUT_RETURN_TYPE = YES_ERROR;
				GCC_WARN_UNDECLARED_SELECTOR = YES;
				GCC_WARN_UNINITIALIZED_AUTOS = YES_AGGRESSIVE;
				GCC_WARN_UNUSED_FUNCTION = YES;
				GCC_WARN_UNUSED_VARIABLE = YES;
				IPHONEOS_DEPLOYMENT_TARGET = 15.5;
				MTL_ENABLE_DEBUG_INFO = INCLUDE_SOURCE;
				MTL_FAST_MATH = YES;
				ONLY_ACTIVE_ARCH = YES;
				SDKROOT = iphoneos;
				SWIFT_ACTIVE_COMPILATION_CONDITIONS = DEBUG;
				SWIFT_OPTIMIZATION_LEVEL = "-Onone";
			};
			name = Debug;
		};
		AA7D544E2991729A00F9B108 /* Release */ = {
			isa = XCBuildConfiguration;
			buildSettings = {
				ALWAYS_SEARCH_USER_PATHS = NO;
				CLANG_ANALYZER_NONNULL = YES;
				CLANG_ANALYZER_NUMBER_OBJECT_CONVERSION = YES_AGGRESSIVE;
				CLANG_CXX_LANGUAGE_STANDARD = "gnu++17";
				CLANG_ENABLE_MODULES = YES;
				CLANG_ENABLE_OBJC_ARC = YES;
				CLANG_ENABLE_OBJC_WEAK = YES;
				CLANG_WARN_BLOCK_CAPTURE_AUTORELEASING = YES;
				CLANG_WARN_BOOL_CONVERSION = YES;
				CLANG_WARN_COMMA = YES;
				CLANG_WARN_CONSTANT_CONVERSION = YES;
				CLANG_WARN_DEPRECATED_OBJC_IMPLEMENTATIONS = YES;
				CLANG_WARN_DIRECT_OBJC_ISA_USAGE = YES_ERROR;
				CLANG_WARN_DOCUMENTATION_COMMENTS = YES;
				CLANG_WARN_EMPTY_BODY = YES;
				CLANG_WARN_ENUM_CONVERSION = YES;
				CLANG_WARN_INFINITE_RECURSION = YES;
				CLANG_WARN_INT_CONVERSION = YES;
				CLANG_WARN_NON_LITERAL_NULL_CONVERSION = YES;
				CLANG_WARN_OBJC_IMPLICIT_RETAIN_SELF = YES;
				CLANG_WARN_OBJC_LITERAL_CONVERSION = YES;
				CLANG_WARN_OBJC_ROOT_CLASS = YES_ERROR;
				CLANG_WARN_QUOTED_INCLUDE_IN_FRAMEWORK_HEADER = YES;
				CLANG_WARN_RANGE_LOOP_ANALYSIS = YES;
				CLANG_WARN_STRICT_PROTOTYPES = YES;
				CLANG_WARN_SUSPICIOUS_MOVE = YES;
				CLANG_WARN_UNGUARDED_AVAILABILITY = YES_AGGRESSIVE;
				CLANG_WARN_UNREACHABLE_CODE = YES;
				CLANG_WARN__DUPLICATE_METHOD_MATCH = YES;
				COPY_PHASE_STRIP = NO;
				DEBUG_INFORMATION_FORMAT = "dwarf-with-dsym";
				ENABLE_NS_ASSERTIONS = NO;
				ENABLE_STRICT_OBJC_MSGSEND = YES;
				GCC_C_LANGUAGE_STANDARD = gnu11;
				GCC_NO_COMMON_BLOCKS = YES;
				GCC_WARN_64_TO_32_BIT_CONVERSION = YES;
				GCC_WARN_ABOUT_RETURN_TYPE = YES_ERROR;
				GCC_WARN_UNDECLARED_SELECTOR = YES;
				GCC_WARN_UNINITIALIZED_AUTOS = YES_AGGRESSIVE;
				GCC_WARN_UNUSED_FUNCTION = YES;
				GCC_WARN_UNUSED_VARIABLE = YES;
				IPHONEOS_DEPLOYMENT_TARGET = 15.5;
				MTL_ENABLE_DEBUG_INFO = NO;
				MTL_FAST_MATH = YES;
				SDKROOT = iphoneos;
				SWIFT_COMPILATION_MODE = wholemodule;
				SWIFT_OPTIMIZATION_LEVEL = "-O";
				VALIDATE_PRODUCT = YES;
			};
			name = Release;
		};
		AA7D54502991729A00F9B108 /* Debug */ = {
			isa = XCBuildConfiguration;
			buildSettings = {
				ASSETCATALOG_COMPILER_APPICON_NAME = AppIcon;
				ASSETCATALOG_COMPILER_GLOBAL_ACCENT_COLOR_NAME = AccentColor;
				CODE_SIGN_STYLE = Automatic;
				CURRENT_PROJECT_VERSION = 1;
				DEVELOPMENT_TEAM = AM3BMZ58QA;
				GENERATE_INFOPLIST_FILE = YES;
				INFOPLIST_FILE = ScoobyDoList/Info.plist;
				INFOPLIST_KEY_UIApplicationSupportsIndirectInputEvents = YES;
				INFOPLIST_KEY_UILaunchStoryboardName = LaunchScreen;
				INFOPLIST_KEY_UIMainStoryboardFile = Main;
				INFOPLIST_KEY_UISupportedInterfaceOrientations_iPad = "UIInterfaceOrientationPortrait UIInterfaceOrientationPortraitUpsideDown UIInterfaceOrientationLandscapeLeft UIInterfaceOrientationLandscapeRight";
				INFOPLIST_KEY_UISupportedInterfaceOrientations_iPhone = "UIInterfaceOrientationPortrait UIInterfaceOrientationLandscapeLeft UIInterfaceOrientationLandscapeRight";
				LD_RUNPATH_SEARCH_PATHS = (
					"$(inherited)",
					"@executable_path/Frameworks",
				);
				MARKETING_VERSION = 1.0;
				PRODUCT_BUNDLE_IDENTIFIER = com.berkinkoca.ScoobyDoList;
				PRODUCT_NAME = "$(TARGET_NAME)";
				SWIFT_EMIT_LOC_STRINGS = YES;
				SWIFT_VERSION = 5.0;
				TARGETED_DEVICE_FAMILY = "1,2";
			};
			name = Debug;
		};
		AA7D54512991729A00F9B108 /* Release */ = {
			isa = XCBuildConfiguration;
			buildSettings = {
				ASSETCATALOG_COMPILER_APPICON_NAME = AppIcon;
				ASSETCATALOG_COMPILER_GLOBAL_ACCENT_COLOR_NAME = AccentColor;
				CODE_SIGN_STYLE = Automatic;
				CURRENT_PROJECT_VERSION = 1;
				DEVELOPMENT_TEAM = AM3BMZ58QA;
				GENERATE_INFOPLIST_FILE = YES;
				INFOPLIST_FILE = ScoobyDoList/Info.plist;
				INFOPLIST_KEY_UIApplicationSupportsIndirectInputEvents = YES;
				INFOPLIST_KEY_UILaunchStoryboardName = LaunchScreen;
				INFOPLIST_KEY_UIMainStoryboardFile = Main;
				INFOPLIST_KEY_UISupportedInterfaceOrientations_iPad = "UIInterfaceOrientationPortrait UIInterfaceOrientationPortraitUpsideDown UIInterfaceOrientationLandscapeLeft UIInterfaceOrientationLandscapeRight";
				INFOPLIST_KEY_UISupportedInterfaceOrientations_iPhone = "UIInterfaceOrientationPortrait UIInterfaceOrientationLandscapeLeft UIInterfaceOrientationLandscapeRight";
				LD_RUNPATH_SEARCH_PATHS = (
					"$(inherited)",
					"@executable_path/Frameworks",
				);
				MARKETING_VERSION = 1.0;
				PRODUCT_BUNDLE_IDENTIFIER = com.berkinkoca.ScoobyDoList;
				PRODUCT_NAME = "$(TARGET_NAME)";
				SWIFT_EMIT_LOC_STRINGS = YES;
				SWIFT_VERSION = 5.0;
				TARGETED_DEVICE_FAMILY = "1,2";
			};
			name = Release;
		};
/* End XCBuildConfiguration section */

/* Begin XCConfigurationList section */
		AA7D54362991729900F9B108 /* Build configuration list for PBXProject "ScoobyDoList" */ = {
			isa = XCConfigurationList;
			buildConfigurations = (
				AA7D544D2991729A00F9B108 /* Debug */,
				AA7D544E2991729A00F9B108 /* Release */,
			);
			defaultConfigurationIsVisible = 0;
			defaultConfigurationName = Release;
		};
		AA7D544F2991729A00F9B108 /* Build configuration list for PBXNativeTarget "ScoobyDoList" */ = {
			isa = XCConfigurationList;
			buildConfigurations = (
				AA7D54502991729A00F9B108 /* Debug */,
				AA7D54512991729A00F9B108 /* Release */,
			);
			defaultConfigurationIsVisible = 0;
			defaultConfigurationName = Release;
		};
/* End XCConfigurationList section */

/* Begin XCVersionGroup section */
		AA18F4BE2994E78600C5027D /* DataModel.xcdatamodeld */ = {
			isa = XCVersionGroup;
			children = (
				AA18F4BF2994E78600C5027D /* DataModel.xcdatamodel */,
			);
			currentVersion = AA18F4BF2994E78600C5027D /* DataModel.xcdatamodel */;
			path = DataModel.xcdatamodeld;
			sourceTree = "<group>";
			versionGroupType = wrapper.xcdatamodel;
		};
/* End XCVersionGroup section */
	};
	rootObject = AA7D54332991729900F9B108 /* Project object */;
}
